
Microsoft Visual Studio Solution File, Format Version 12.00
# Visual Studio Version 17
VisualStudioVersion = 17.8.34316.72
MinimumVisualStudioVersion = 10.0.40219.1
Project("{FAE04EC0-301F-11D3-BF4B-00C04F79EFBC}") = "c110", "c110\c110.csproj", "{790EC37B-030F-4375-977E-C251FD152D91}"
EndProject
Global
	GlobalSection(SolutionConfigurationPlatforms) = preSolution
		Debug|Any CPU = Debug|Any CPU
		Release|Any CPU = Release|Any CPU
	EndGlobalSection
	GlobalSection(ProjectConfigurationPlatforms) = postSolution
		{790EC37B-030F-4375-977E-C251FD152D91}.Debug|Any CPU.ActiveCfg = Debug|Any CPU
		{790EC37B-030F-4375-977E-C251FD152D91}.Debug|Any CPU.Build.0 = Debug|Any CPU
		{790EC37B-030F-4375-977E-C251FD152D91}.Release|Any CPU.ActiveCfg = Release|Any CPU
		{790EC37B-030F-4375-977E-C251FD152D91}.Release|Any CPU.Build.0 = Release|Any CPU
	EndGlobalSection
	GlobalSection(SolutionProperties) = preSolution
		HideSolutionNode = FALSE
	EndGlobalSection
	GlobalSection(ExtensibilityGlobals) = postSolution
		SolutionGuid = {3D9CB9E5-683C-43BC-9390-3FEF22416839}
	EndGlobalSection
EndGlobal
