
Microsoft Visual Studio Solution File, Format Version 12.00
# Visual Studio Version 17
VisualStudioVersion = 17.9.34728.123
MinimumVisualStudioVersion = 10.0.40219.1
Project("{FAE04EC0-301F-11D3-BF4B-00C04F79EFBC}") = "SimpleMusicPlayer", "SimpleMusicPlayer.csproj", "{B9C3E49C-1D45-438D-98E9-683DE1B5E803}"
EndProject
Global
	GlobalSection(SolutionConfigurationPlatforms) = preSolution
		Debug|Any CPU = Debug|Any CPU
		Release|Any CPU = Release|Any CPU
	EndGlobalSection
	GlobalSection(ProjectConfigurationPlatforms) = postSolution
		{B9C3E49C-1D45-438D-98E9-683DE1B5E803}.Debug|Any CPU.ActiveCfg = Debug|Any CPU
		{B9C3E49C-1D45-438D-98E9-683DE1B5E803}.Debug|Any CPU.Build.0 = Debug|Any CPU
		{B9C3E49C-1D45-438D-98E9-683DE1B5E803}.Release|Any CPU.ActiveCfg = Release|Any CPU
		{B9C3E49C-1D45-438D-98E9-683DE1B5E803}.Release|Any CPU.Build.0 = Release|Any CPU
	EndGlobalSection
	GlobalSection(SolutionProperties) = preSolution
		HideSolutionNode = FALSE
	EndGlobalSection
	GlobalSection(ExtensibilityGlobals) = postSolution
		SolutionGuid = {A9708CE6-D141-41F4-B4CC-A94313E69661}
	EndGlobalSection
EndGlobal
